// !$*UTF8*$!
{
	archiveVersion = 1;
	classes = {
	};
	objectVersion = 52;
	objects = {

/* Begin PBXBuildFile section */
		CD1F61BE259D64EC000ECE59 /* AppDelegate.swift in Sources */ = {isa = PBXBuildFile; fileRef = CD1F61BD259D64EC000ECE59 /* AppDelegate.swift */; };
		CD1F61C0259D64EC000ECE59 /* SceneDelegate.swift in Sources */ = {isa = PBXBuildFile; fileRef = CD1F61BF259D64EC000ECE59 /* SceneDelegate.swift */; };
		CD1F61C2259D64EC000ECE59 /* ViewController.swift in Sources */ = {isa = PBXBuildFile; fileRef = CD1F61C1259D64EC000ECE59 /* ViewController.swift */; };
		CD1F61C5259D64EC000ECE59 /* Main.storyboard in Resources */ = {isa = PBXBuildFile; fileRef = CD1F61C3259D64EC000ECE59 /* Main.storyboard */; };
		CD1F61C7259D64EF000ECE59 /* Assets.xcassets in Resources */ = {isa = PBXBuildFile; fileRef = CD1F61C6259D64EF000ECE59 /* Assets.xcassets */; };
		CD1F61CA259D64EF000ECE59 /* LaunchScreen.storyboard in Resources */ = {isa = PBXBuildFile; fileRef = CD1F61C8259D64EF000ECE59 /* LaunchScreen.storyboard */; };
		CD4DC8E725AE38270031B894 /* AppCenterCrashes in Frameworks */ = {isa = PBXBuildFile; productRef = CD4DC8E625AE38270031B894 /* AppCenterCrashes */; };
		CD4DC8E925AE38270031B894 /* AppCenterDistribute in Frameworks */ = {isa = PBXBuildFile; productRef = CD4DC8E825AE38270031B894 /* AppCenterDistribute */; };
		CD5E32A125AA1E45008B8BF6 /* Duomenys.swift in Sources */ = {isa = PBXBuildFile; fileRef = CD5E32A025AA1E45008B8BF6 /* Duomenys.swift */; };
		CD5E32A425AA1E5D008B8BF6 /* aus.txt in Resources */ = {isa = PBXBuildFile; fileRef = CD5E32A325AA1E5D008B8BF6 /* aus.txt */; };
		F7D294760D0F5E73D4F69A25 /* Pods_ValanduLiturgija.framework in Frameworks */ = {isa = PBXBuildFile; fileRef = A375953C6F9B31BEDD3CC956 /* Pods_ValanduLiturgija.framework */; };
/* End PBXBuildFile section */

/* Begin PBXFileReference section */
		77923B07CCB5423623955FD6 /* Pods-ValanduLiturgija.release.xcconfig */ = {isa = PBXFileReference; includeInIndex = 1; lastKnownFileType = text.xcconfig; name = "Pods-ValanduLiturgija.release.xcconfig"; path = "Target Support Files/Pods-ValanduLiturgija/Pods-ValanduLiturgija.release.xcconfig"; sourceTree = "<group>"; };
		A326C135423DFBDB46E6CB83 /* Pods-ValanduLiturgija.debug.xcconfig */ = {isa = PBXFileReference; includeInIndex = 1; lastKnownFileType = text.xcconfig; name = "Pods-ValanduLiturgija.debug.xcconfig"; path = "Target Support Files/Pods-ValanduLiturgija/Pods-ValanduLiturgija.debug.xcconfig"; sourceTree = "<group>"; };
		A375953C6F9B31BEDD3CC956 /* Pods_ValanduLiturgija.framework */ = {isa = PBXFileReference; explicitFileType = wrapper.framework; includeInIndex = 0; path = Pods_ValanduLiturgija.framework; sourceTree = BUILT_PRODUCTS_DIR; };
		CD1F61BA259D64EC000ECE59 /* ValanduLiturgija.app */ = {isa = PBXFileReference; explicitFileType = wrapper.application; includeInIndex = 0; path = ValanduLiturgija.app; sourceTree = BUILT_PRODUCTS_DIR; };
		CD1F61BD259D64EC000ECE59 /* AppDelegate.swift */ = {isa = PBXFileReference; lastKnownFileType = sourcecode.swift; path = AppDelegate.swift; sourceTree = "<group>"; };
		CD1F61BF259D64EC000ECE59 /* SceneDelegate.swift */ = {isa = PBXFileReference; lastKnownFileType = sourcecode.swift; path = SceneDelegate.swift; sourceTree = "<group>"; };
		CD1F61C1259D64EC000ECE59 /* ViewController.swift */ = {isa = PBXFileReference; lastKnownFileType = sourcecode.swift; path = ViewController.swift; sourceTree = "<group>"; };
		CD1F61C4259D64EC000ECE59 /* Base */ = {isa = PBXFileReference; lastKnownFileType = file.storyboard; name = Base; path = Base.lproj/Main.storyboard; sourceTree = "<group>"; };
		CD1F61C6259D64EF000ECE59 /* Assets.xcassets */ = {isa = PBXFileReference; lastKnownFileType = folder.assetcatalog; path = Assets.xcassets; sourceTree = "<group>"; };
		CD1F61C9259D64EF000ECE59 /* Base */ = {isa = PBXFileReference; lastKnownFileType = file.storyboard; name = Base; path = Base.lproj/LaunchScreen.storyboard; sourceTree = "<group>"; };
		CD1F61CB259D64EF000ECE59 /* Info.plist */ = {isa = PBXFileReference; lastKnownFileType = text.plist.xml; path = Info.plist; sourceTree = "<group>"; };
		CD1F61D2259D6575000ECE59 /* lt-LT */ = {isa = PBXFileReference; lastKnownFileType = text.plist.strings; name = "lt-LT"; path = "lt-LT.lproj/Main.strings"; sourceTree = "<group>"; };
		CD1F61D3259D6575000ECE59 /* lt-LT */ = {isa = PBXFileReference; lastKnownFileType = text.plist.strings; name = "lt-LT"; path = "lt-LT.lproj/LaunchScreen.strings"; sourceTree = "<group>"; };
		CD5E32A025AA1E45008B8BF6 /* Duomenys.swift */ = {isa = PBXFileReference; fileEncoding = 4; lastKnownFileType = sourcecode.swift; path = Duomenys.swift; sourceTree = "<group>"; };
		CD5E32A325AA1E5D008B8BF6 /* aus.txt */ = {isa = PBXFileReference; fileEncoding = 4; lastKnownFileType = text; path = aus.txt; sourceTree = "<group>"; };
/* End PBXFileReference section */

/* Begin PBXFrameworksBuildPhase section */
		CD1F61B7259D64EC000ECE59 /* Frameworks */ = {
			isa = PBXFrameworksBuildPhase;
			buildActionMask = 2147483647;
			files = (
				F7D294760D0F5E73D4F69A25 /* Pods_ValanduLiturgija.framework in Frameworks */,
				CD4DC8E725AE38270031B894 /* AppCenterCrashes in Frameworks */,
				CD4DC8E925AE38270031B894 /* AppCenterDistribute in Frameworks */,
			);
			runOnlyForDeploymentPostprocessing = 0;
		};
/* End PBXFrameworksBuildPhase section */

/* Begin PBXGroup section */
		56301C8DBF2CD1178E05FF47 /* Pods */ = {
			isa = PBXGroup;
			children = (
				A326C135423DFBDB46E6CB83 /* Pods-ValanduLiturgija.debug.xcconfig */,
				77923B07CCB5423623955FD6 /* Pods-ValanduLiturgija.release.xcconfig */,
			);
			path = Pods;
			sourceTree = "<group>";
		};
		729ED30CF03327D14744D4E4 /* Frameworks */ = {
			isa = PBXGroup;
			children = (
				A375953C6F9B31BEDD3CC956 /* Pods_ValanduLiturgija.framework */,
			);
			name = Frameworks;
			sourceTree = "<group>";
		};
		CD1F61B1259D64EC000ECE59 = {
			isa = PBXGroup;
			children = (
				CD1F61BC259D64EC000ECE59 /* ValanduLiturgija */,
				CD1F61BB259D64EC000ECE59 /* Products */,
				56301C8DBF2CD1178E05FF47 /* Pods */,
				729ED30CF03327D14744D4E4 /* Frameworks */,
			);
			sourceTree = "<group>";
		};
		CD1F61BB259D64EC000ECE59 /* Products */ = {
			isa = PBXGroup;
			children = (
				CD1F61BA259D64EC000ECE59 /* ValanduLiturgija.app */,
			);
			name = Products;
			sourceTree = "<group>";
		};
		CD1F61BC259D64EC000ECE59 /* ValanduLiturgija */ = {
			isa = PBXGroup;
			children = (
				CD1F61BD259D64EC000ECE59 /* AppDelegate.swift */,
				CD1F61BF259D64EC000ECE59 /* SceneDelegate.swift */,
				CD1F61C1259D64EC000ECE59 /* ViewController.swift */,
				CD1F61C3259D64EC000ECE59 /* Main.storyboard */,
				CD1F61C6259D64EF000ECE59 /* Assets.xcassets */,
				CD5E32A325AA1E5D008B8BF6 /* aus.txt */,
				CD5E32A025AA1E45008B8BF6 /* Duomenys.swift */,
				CD1F61C8259D64EF000ECE59 /* LaunchScreen.storyboard */,
				CD1F61CB259D64EF000ECE59 /* Info.plist */,
			);
			path = ValanduLiturgija;
			sourceTree = "<group>";
		};
/* End PBXGroup section */

/* Begin PBXNativeTarget section */
		CD1F61B9259D64EC000ECE59 /* ValanduLiturgija */ = {
			isa = PBXNativeTarget;
			buildConfigurationList = CD1F61CE259D64EF000ECE59 /* Build configuration list for PBXNativeTarget "ValanduLiturgija" */;
			buildPhases = (
				8343679066866A95F1E5F0F5 /* [CP] Check Pods Manifest.lock */,
				CD1F61B6259D64EC000ECE59 /* Sources */,
				CD1F61B7259D64EC000ECE59 /* Frameworks */,
				CD1F61B8259D64EC000ECE59 /* Resources */,
				7ECA3C32089F5A3ED7BD390D /* [CP] Embed Pods Frameworks */,
			);
			buildRules = (
			);
			dependencies = (
			);
			name = ValanduLiturgija;
			packageProductDependencies = (
				CD4DC8E625AE38270031B894 /* AppCenterCrashes */,
				CD4DC8E825AE38270031B894 /* AppCenterDistribute */,
			);
			productName = ValanduLiturgija;
			productReference = CD1F61BA259D64EC000ECE59 /* ValanduLiturgija.app */;
			productType = "com.apple.product-type.application";
		};
/* End PBXNativeTarget section */

/* Begin PBXProject section */
		CD1F61B2259D64EC000ECE59 /* Project object */ = {
			isa = PBXProject;
			attributes = {
				LastSwiftUpdateCheck = 1230;
				LastUpgradeCheck = 1230;
				ORGANIZATIONNAME = lt.katalikai;
				TargetAttributes = {
					CD1F61B9259D64EC000ECE59 = {
						CreatedOnToolsVersion = 12.3;
					};
				};
			};
			buildConfigurationList = CD1F61B5259D64EC000ECE59 /* Build configuration list for PBXProject "ValanduLiturgija" */;
			compatibilityVersion = "Xcode 9.3";
			developmentRegion = en;
			hasScannedForEncodings = 0;
			knownRegions = (
				en,
				Base,
				"lt-LT",
			);
			mainGroup = CD1F61B1259D64EC000ECE59;
			packageReferences = (
				CD4DC8E525AE38270031B894 /* XCRemoteSwiftPackageReference "appcenter-sdk-apple" */,
			);
			productRefGroup = CD1F61BB259D64EC000ECE59 /* Products */;
			projectDirPath = "";
			projectRoot = "";
			targets = (
				CD1F61B9259D64EC000ECE59 /* ValanduLiturgija */,
			);
		};
/* End PBXProject section */

/* Begin PBXResourcesBuildPhase section */
		CD1F61B8259D64EC000ECE59 /* Resources */ = {
			isa = PBXResourcesBuildPhase;
			buildActionMask = 2147483647;
			files = (
				CD1F61CA259D64EF000ECE59 /* LaunchScreen.storyboard in Resources */,
				CD1F61C7259D64EF000ECE59 /* Assets.xcassets in Resources */,
				CD5E32A425AA1E5D008B8BF6 /* aus.txt in Resources */,
				CD1F61C5259D64EC000ECE59 /* Main.storyboard in Resources */,
			);
			runOnlyForDeploymentPostprocessing = 0;
		};
/* End PBXResourcesBuildPhase section */

/* Begin PBXShellScriptBuildPhase section */
		7ECA3C32089F5A3ED7BD390D /* [CP] Embed Pods Frameworks */ = {
			isa = PBXShellScriptBuildPhase;
			buildActionMask = 2147483647;
			files = (
			);
			inputFileListPaths = (
				"${PODS_ROOT}/Target Support Files/Pods-ValanduLiturgija/Pods-ValanduLiturgija-frameworks-${CONFIGURATION}-input-files.xcfilelist",
			);
			name = "[CP] Embed Pods Frameworks";
			outputFileListPaths = (
				"${PODS_ROOT}/Target Support Files/Pods-ValanduLiturgija/Pods-ValanduLiturgija-frameworks-${CONFIGURATION}-output-files.xcfilelist",
			);
			runOnlyForDeploymentPostprocessing = 0;
			shellPath = /bin/sh;
			shellScript = "\"${PODS_ROOT}/Target Support Files/Pods-ValanduLiturgija/Pods-ValanduLiturgija-frameworks.sh\"\n";
			showEnvVarsInLog = 0;
		};
		8343679066866A95F1E5F0F5 /* [CP] Check Pods Manifest.lock */ = {
			isa = PBXShellScriptBuildPhase;
			buildActionMask = 2147483647;
			files = (
			);
			inputFileListPaths = (
			);
			inputPaths = (
				"${PODS_PODFILE_DIR_PATH}/Podfile.lock",
				"${PODS_ROOT}/Manifest.lock",
			);
			name = "[CP] Check Pods Manifest.lock";
			outputFileListPaths = (
			);
			outputPaths = (
				"$(DERIVED_FILE_DIR)/Pods-ValanduLiturgija-checkManifestLockResult.txt",
			);
			runOnlyForDeploymentPostprocessing = 0;
			shellPath = /bin/sh;
			shellScript = "diff \"${PODS_PODFILE_DIR_PATH}/Podfile.lock\" \"${PODS_ROOT}/Manifest.lock\" > /dev/null\nif [ $? != 0 ] ; then\n    # print error to STDERR\n    echo \"error: The sandbox is not in sync with the Podfile.lock. Run 'pod install' or update your CocoaPods installation.\" >&2\n    exit 1\nfi\n# This output is used by Xcode 'outputs' to avoid re-running this script phase.\necho \"SUCCESS\" > \"${SCRIPT_OUTPUT_FILE_0}\"\n";
			showEnvVarsInLog = 0;
		};
/* End PBXShellScriptBuildPhase section */

/* Begin PBXSourcesBuildPhase section */
		CD1F61B6259D64EC000ECE59 /* Sources */ = {
			isa = PBXSourcesBuildPhase;
			buildActionMask = 2147483647;
			files = (
				CD1F61C2259D64EC000ECE59 /* ViewController.swift in Sources */,
				CD5E32A125AA1E45008B8BF6 /* Duomenys.swift in Sources */,
				CD1F61BE259D64EC000ECE59 /* AppDelegate.swift in Sources */,
				CD1F61C0259D64EC000ECE59 /* SceneDelegate.swift in Sources */,
			);
			runOnlyForDeploymentPostprocessing = 0;
		};
/* End PBXSourcesBuildPhase section */

/* Begin PBXVariantGroup section */
		CD1F61C3259D64EC000ECE59 /* Main.storyboard */ = {
			isa = PBXVariantGroup;
			children = (
				CD1F61C4259D64EC000ECE59 /* Base */,
				CD1F61D2259D6575000ECE59 /* lt-LT */,
			);
			name = Main.storyboard;
			sourceTree = "<group>";
		};
		CD1F61C8259D64EF000ECE59 /* LaunchScreen.storyboard */ = {
			isa = PBXVariantGroup;
			children = (
				CD1F61C9259D64EF000ECE59 /* Base */,
				CD1F61D3259D6575000ECE59 /* lt-LT */,
			);
			name = LaunchScreen.storyboard;
			sourceTree = "<group>";
		};
/* End PBXVariantGroup section */

/* Begin XCBuildConfiguration section */
		CD1F61CC259D64EF000ECE59 /* Debug */ = {
			isa = XCBuildConfiguration;
			buildSettings = {
				ALWAYS_SEARCH_USER_PATHS = NO;
				CLANG_ANALYZER_LOCALIZABILITY_NONLOCALIZED = YES;
				CLANG_ANALYZER_NONNULL = YES;
				CLANG_ANALYZER_NUMBER_OBJECT_CONVERSION = YES_AGGRESSIVE;
				CLANG_CXX_LANGUAGE_STANDARD = "gnu++14";
				CLANG_CXX_LIBRARY = "libc++";
				CLANG_ENABLE_MODULES = YES;
				CLANG_ENABLE_OBJC_ARC = YES;
				CLANG_ENABLE_OBJC_WEAK = YES;
				CLANG_WARN_BLOCK_CAPTURE_AUTORELEASING = YES;
				CLANG_WARN_BOOL_CONVERSION = YES;
				CLANG_WARN_COMMA = YES;
				CLANG_WARN_CONSTANT_CONVERSION = YES;
				CLANG_WARN_DEPRECATED_OBJC_IMPLEMENTATIONS = YES;
				CLANG_WARN_DIRECT_OBJC_ISA_USAGE = YES_ERROR;
				CLANG_WARN_DOCUMENTATION_COMMENTS = YES;
				CLANG_WARN_EMPTY_BODY = YES;
				CLANG_WARN_ENUM_CONVERSION = YES;
				CLANG_WARN_INFINITE_RECURSION = YES;
				CLANG_WARN_INT_CONVERSION = YES;
				CLANG_WARN_NON_LITERAL_NULL_CONVERSION = YES;
				CLANG_WARN_OBJC_IMPLICIT_RETAIN_SELF = YES;
				CLANG_WARN_OBJC_LITERAL_CONVERSION = YES;
				CLANG_WARN_OBJC_ROOT_CLASS = YES_ERROR;
				CLANG_WARN_QUOTED_INCLUDE_IN_FRAMEWORK_HEADER = YES;
				CLANG_WARN_RANGE_LOOP_ANALYSIS = YES;
				CLANG_WARN_STRICT_PROTOTYPES = YES;
				CLANG_WARN_SUSPICIOUS_MOVE = YES;
				CLANG_WARN_UNGUARDED_AVAILABILITY = YES_AGGRESSIVE;
				CLANG_WARN_UNREACHABLE_CODE = YES;
				CLANG_WARN__DUPLICATE_METHOD_MATCH = YES;
				COPY_PHASE_STRIP = NO;
				DEBUG_INFORMATION_FORMAT = dwarf;
				ENABLE_STRICT_OBJC_MSGSEND = YES;
				ENABLE_TESTABILITY = YES;
				GCC_C_LANGUAGE_STANDARD = gnu11;
				GCC_DYNAMIC_NO_PIC = NO;
				GCC_NO_COMMON_BLOCKS = YES;
				GCC_OPTIMIZATION_LEVEL = 0;
				GCC_PREPROCESSOR_DEFINITIONS = (
					"DEBUG=1",
					"$(inherited)",
				);
				GCC_WARN_64_TO_32_BIT_CONVERSION = YES;
				GCC_WARN_ABOUT_RETURN_TYPE = YES_ERROR;
				GCC_WARN_UNDECLARED_SELECTOR = YES;
				GCC_WARN_UNINITIALIZED_AUTOS = YES_AGGRESSIVE;
				GCC_WARN_UNUSED_FUNCTION = YES;
				GCC_WARN_UNUSED_VARIABLE = YES;
				IPHONEOS_DEPLOYMENT_TARGET = 14.3;
				MTL_ENABLE_DEBUG_INFO = INCLUDE_SOURCE;
				MTL_FAST_MATH = YES;
				ONLY_ACTIVE_ARCH = YES;
				SDKROOT = iphoneos;
				SWIFT_ACTIVE_COMPILATION_CONDITIONS = DEBUG;
				SWIFT_OPTIMIZATION_LEVEL = "-Onone";
			};
			name = Debug;
		};
		CD1F61CD259D64EF000ECE59 /* Release */ = {
			isa = XCBuildConfiguration;
			buildSettings = {
				ALWAYS_SEARCH_USER_PATHS = NO;
				CLANG_ANALYZER_LOCALIZABILITY_NONLOCALIZED = YES;
				CLANG_ANALYZER_NONNULL = YES;
				CLANG_ANALYZER_NUMBER_OBJECT_CONVERSION = YES_AGGRESSIVE;
				CLANG_CXX_LANGUAGE_STANDARD = "gnu++14";
				CLANG_CXX_LIBRARY = "libc++";
				CLANG_ENABLE_MODULES = YES;
				CLANG_ENABLE_OBJC_ARC = YES;
				CLANG_ENABLE_OBJC_WEAK = YES;
				CLANG_WARN_BLOCK_CAPTURE_AUTORELEASING = YES;
				CLANG_WARN_BOOL_CONVERSION = YES;
				CLANG_WARN_COMMA = YES;
				CLANG_WARN_CONSTANT_CONVERSION = YES;
				CLANG_WARN_DEPRECATED_OBJC_IMPLEMENTATIONS = YES;
				CLANG_WARN_DIRECT_OBJC_ISA_USAGE = YES_ERROR;
				CLANG_WARN_DOCUMENTATION_COMMENTS = YES;
				CLANG_WARN_EMPTY_BODY = YES;
				CLANG_WARN_ENUM_CONVERSION = YES;
				CLANG_WARN_INFINITE_RECURSION = YES;
				CLANG_WARN_INT_CONVERSION = YES;
				CLANG_WARN_NON_LITERAL_NULL_CONVERSION = YES;
				CLANG_WARN_OBJC_IMPLICIT_RETAIN_SELF = YES;
				CLANG_WARN_OBJC_LITERAL_CONVERSION = YES;
				CLANG_WARN_OBJC_ROOT_CLASS = YES_ERROR;
				CLANG_WARN_QUOTED_INCLUDE_IN_FRAMEWORK_HEADER = YES;
				CLANG_WARN_RANGE_LOOP_ANALYSIS = YES;
				CLANG_WARN_STRICT_PROTOTYPES = YES;
				CLANG_WARN_SUSPICIOUS_MOVE = YES;
				CLANG_WARN_UNGUARDED_AVAILABILITY = YES_AGGRESSIVE;
				CLANG_WARN_UNREACHABLE_CODE = YES;
				CLANG_WARN__DUPLICATE_METHOD_MATCH = YES;
				COPY_PHASE_STRIP = NO;
				DEBUG_INFORMATION_FORMAT = "dwarf-with-dsym";
				ENABLE_NS_ASSERTIONS = NO;
				ENABLE_STRICT_OBJC_MSGSEND = YES;
				GCC_C_LANGUAGE_STANDARD = gnu11;
				GCC_NO_COMMON_BLOCKS = YES;
				GCC_WARN_64_TO_32_BIT_CONVERSION = YES;
				GCC_WARN_ABOUT_RETURN_TYPE = YES_ERROR;
				GCC_WARN_UNDECLARED_SELECTOR = YES;
				GCC_WARN_UNINITIALIZED_AUTOS = YES_AGGRESSIVE;
				GCC_WARN_UNUSED_FUNCTION = YES;
				GCC_WARN_UNUSED_VARIABLE = YES;
				IPHONEOS_DEPLOYMENT_TARGET = 14.3;
				MTL_ENABLE_DEBUG_INFO = NO;
				MTL_FAST_MATH = YES;
				SDKROOT = iphoneos;
				SWIFT_COMPILATION_MODE = wholemodule;
				SWIFT_OPTIMIZATION_LEVEL = "-O";
				VALIDATE_PRODUCT = YES;
			};
			name = Release;
		};
		CD1F61CF259D64EF000ECE59 /* Debug */ = {
			isa = XCBuildConfiguration;
			baseConfigurationReference = A326C135423DFBDB46E6CB83 /* Pods-ValanduLiturgija.debug.xcconfig */;
			buildSettings = {
				ASSETCATALOG_COMPILER_APPICON_NAME = AppIcon;
				ASSETCATALOG_COMPILER_GLOBAL_ACCENT_COLOR_NAME = AccentColor;
				CODE_SIGN_STYLE = Automatic;
				INFOPLIST_FILE = ValanduLiturgija/Info.plist;
				LD_RUNPATH_SEARCH_PATHS = (
					"$(inherited)",
					"@executable_path/Frameworks",
				);
				PRODUCT_BUNDLE_IDENTIFIER = katalikai.lt.ValanduLiturgija;
				PRODUCT_NAME = "$(TARGET_NAME)";
				SWIFT_VERSION = 5.0;
				TARGETED_DEVICE_FAMILY = "1,2";
			};
			name = Debug;
		};
		CD1F61D0259D64EF000ECE59 /* Release */ = {
			isa = XCBuildConfiguration;
			baseConfigurationReference = 77923B07CCB5423623955FD6 /* Pods-ValanduLiturgija.release.xcconfig */;
			buildSettings = {
				ASSETCATALOG_COMPILER_APPICON_NAME = AppIcon;
				ASSETCATALOG_COMPILER_GLOBAL_ACCENT_COLOR_NAME = AccentColor;
				CODE_SIGN_STYLE = Automatic;
				INFOPLIST_FILE = ValanduLiturgija/Info.plist;
				LD_RUNPATH_SEARCH_PATHS = (
					"$(inherited)",
					"@executable_path/Frameworks",
				);
				PRODUCT_BUNDLE_IDENTIFIER = katalikai.lt.ValanduLiturgija;
				PRODUCT_NAME = "$(TARGET_NAME)";
				SWIFT_VERSION = 5.0;
				TARGETED_DEVICE_FAMILY = "1,2";
			};
			name = Release;
		};
/* End XCBuildConfiguration section */

/* Begin XCConfigurationList section */
		CD1F61B5259D64EC000ECE59 /* Build configuration list for PBXProject "ValanduLiturgija" */ = {
			isa = XCConfigurationList;
			buildConfigurations = (
				CD1F61CC259D64EF000ECE59 /* Debug */,
				CD1F61CD259D64EF000ECE59 /* Release */,
			);
			defaultConfigurationIsVisible = 0;
			defaultConfigurationName = Release;
		};
		CD1F61CE259D64EF000ECE59 /* Build configuration list for PBXNativeTarget "ValanduLiturgija" */ = {
			isa = XCConfigurationList;
			buildConfigurations = (
				CD1F61CF259D64EF000ECE59 /* Debug */,
				CD1F61D0259D64EF000ECE59 /* Release */,
			);
			defaultConfigurationIsVisible = 0;
			defaultConfigurationName = Release;
		};
/* End XCConfigurationList section */

/* Begin XCRemoteSwiftPackageReference section */
		CD4DC8E525AE38270031B894 /* XCRemoteSwiftPackageReference "appcenter-sdk-apple" */ = {
			isa = XCRemoteSwiftPackageReference;
			repositoryURL = "https://github.com/microsoft/appcenter-sdk-apple.git";
			requirement = {
				kind = upToNextMajorVersion;
				minimumVersion = 4.1.0;
			};
		};
/* End XCRemoteSwiftPackageReference section */

/* Begin XCSwiftPackageProductDependency section */
		CD4DC8E625AE38270031B894 /* AppCenterCrashes */ = {
			isa = XCSwiftPackageProductDependency;
			package = CD4DC8E525AE38270031B894 /* XCRemoteSwiftPackageReference "appcenter-sdk-apple" */;
			productName = AppCenterCrashes;
		};
		CD4DC8E825AE38270031B894 /* AppCenterDistribute */ = {
			isa = XCSwiftPackageProductDependency;
			package = CD4DC8E525AE38270031B894 /* XCRemoteSwiftPackageReference "appcenter-sdk-apple" */;
			productName = AppCenterDistribute;
		};
/* End XCSwiftPackageProductDependency section */
	};
	rootObject = CD1F61B2259D64EC000ECE59 /* Project object */;
}
